
Microsoft Visual Studio Solution File, Format Version 12.00
# Visual Studio Version 16
VisualStudioVersion = 16.0.30804.86
MinimumVisualStudioVersion = 10.0.40219.1
Project("{2150E333-8FDC-42A3-9474-1A3956D46DE8}") = "Solution Items", "Solution Items", "{F3D8495A-8130-445F-8297-2A7185318152}"
	ProjectSection(SolutionItems) = preProject
		.gitattributes = .gitattributes
		.gitignore = .gitignore
		README.md = README.md
	EndProjectSection
EndProject
Project("{FAE04EC0-301F-11D3-BF4B-00C04F79EFBC}") = "MicroservicePlayground.Web", "sources\MicroservicePlayground.Web\MicroservicePlayground.Web.csproj", "{CA7673F0-DE65-44D9-8020-EA1D76E8611A}"
EndProject
Global
	GlobalSection(SolutionConfigurationPlatforms) = preSolution
		Debug|Any CPU = Debug|Any CPU
		Release|Any CPU = Release|Any CPU
	EndGlobalSection
	GlobalSection(ProjectConfigurationPlatforms) = postSolution
		{CA7673F0-DE65-44D9-8020-EA1D76E8611A}.Debug|Any CPU.ActiveCfg = Debug|Any CPU
		{CA7673F0-DE65-44D9-8020-EA1D76E8611A}.Debug|Any CPU.Build.0 = Debug|Any CPU
		{CA7673F0-DE65-44D9-8020-EA1D76E8611A}.Release|Any CPU.ActiveCfg = Release|Any CPU
		{CA7673F0-DE65-44D9-8020-EA1D76E8611A}.Release|Any CPU.Build.0 = Release|Any CPU
	EndGlobalSection
	GlobalSection(SolutionProperties) = preSolution
		HideSolutionNode = FALSE
	EndGlobalSection
	GlobalSection(ExtensibilityGlobals) = postSolution
		SolutionGuid = {9E9BD839-BBA4-4249-9F50-C0FC7E0399B2}
	EndGlobalSection
EndGlobal
